
Microsoft Visual Studio Solution File, Format Version 12.00
# Visual Studio Version 16
VisualStudioVersion = 16.0.30503.244
MinimumVisualStudioVersion = 10.0.40219.1
Project("{9A19103F-16F7-4668-BE54-9A1E7A4F7556}") = "Shipping.Consumers", "Shipping.Consumers\Shipping.Consumers.csproj", "{9C9DF324-579A-4EFB-80A8-4179E4DB15AA}"
EndProject
Global
	GlobalSection(SolutionConfigurationPlatforms) = preSolution
		Debug|Any CPU = Debug|Any CPU
		Release|Any CPU = Release|Any CPU
	EndGlobalSection
	GlobalSection(ProjectConfigurationPlatforms) = postSolution
		{9C9DF324-579A-4EFB-80A8-4179E4DB15AA}.Debug|Any CPU.ActiveCfg = Debug|Any CPU
		{9C9DF324-579A-4EFB-80A8-4179E4DB15AA}.Debug|Any CPU.Build.0 = Debug|Any CPU
		{9C9DF324-579A-4EFB-80A8-4179E4DB15AA}.Release|Any CPU.ActiveCfg = Release|Any CPU
		{9C9DF324-579A-4EFB-80A8-4179E4DB15AA}.Release|Any CPU.Build.0 = Release|Any CPU
	EndGlobalSection
	GlobalSection(SolutionProperties) = preSolution
		HideSolutionNode = FALSE
	EndGlobalSection
	GlobalSection(ExtensibilityGlobals) = postSolution
		SolutionGuid = {93938109-2A62-4C18-81FE-034A3736F308}
	EndGlobalSection
EndGlobal
