
Microsoft Visual Studio Solution File, Format Version 12.00
# Visual Studio Version 16
VisualStudioVersion = 16.0.30503.244
MinimumVisualStudioVersion = 10.0.40219.1
Project("{9A19103F-16F7-4668-BE54-9A1E7A4F7556}") = "Shipping.FedEx", "Shipping.FedEx\Shipping.FedEx.csproj", "{94D08AC0-7F00-436D-B4A4-EE7D56194F4E}"
EndProject
Project("{9A19103F-16F7-4668-BE54-9A1E7A4F7556}") = "Shipping.Core", "Shipping.Core\Shipping.Core.csproj", "{DBF1B01C-B3DD-456A-8F14-9ACB0CE20997}"
EndProject
Project("{9A19103F-16F7-4668-BE54-9A1E7A4F7556}") = "Shipping.UPS", "Shipping.UPS\Shipping.UPS.csproj", "{3D8FB682-48B2-47D9-BD4C-DE64CC85210C}"
EndProject
Global
	GlobalSection(SolutionConfigurationPlatforms) = preSolution
		Debug|Any CPU = Debug|Any CPU
		Release|Any CPU = Release|Any CPU
	EndGlobalSection
	GlobalSection(ProjectConfigurationPlatforms) = postSolution
		{94D08AC0-7F00-436D-B4A4-EE7D56194F4E}.Debug|Any CPU.ActiveCfg = Debug|Any CPU
		{94D08AC0-7F00-436D-B4A4-EE7D56194F4E}.Debug|Any CPU.Build.0 = Debug|Any CPU
		{94D08AC0-7F00-436D-B4A4-EE7D56194F4E}.Release|Any CPU.ActiveCfg = Release|Any CPU
		{94D08AC0-7F00-436D-B4A4-EE7D56194F4E}.Release|Any CPU.Build.0 = Release|Any CPU
		{DBF1B01C-B3DD-456A-8F14-9ACB0CE20997}.Debug|Any CPU.ActiveCfg = Debug|Any CPU
		{DBF1B01C-B3DD-456A-8F14-9ACB0CE20997}.Debug|Any CPU.Build.0 = Debug|Any CPU
		{DBF1B01C-B3DD-456A-8F14-9ACB0CE20997}.Release|Any CPU.ActiveCfg = Release|Any CPU
		{DBF1B01C-B3DD-456A-8F14-9ACB0CE20997}.Release|Any CPU.Build.0 = Release|Any CPU
		{3D8FB682-48B2-47D9-BD4C-DE64CC85210C}.Debug|Any CPU.ActiveCfg = Debug|Any CPU
		{3D8FB682-48B2-47D9-BD4C-DE64CC85210C}.Debug|Any CPU.Build.0 = Debug|Any CPU
		{3D8FB682-48B2-47D9-BD4C-DE64CC85210C}.Release|Any CPU.ActiveCfg = Release|Any CPU
		{3D8FB682-48B2-47D9-BD4C-DE64CC85210C}.Release|Any CPU.Build.0 = Release|Any CPU
	EndGlobalSection
	GlobalSection(SolutionProperties) = preSolution
		HideSolutionNode = FALSE
	EndGlobalSection
	GlobalSection(ExtensibilityGlobals) = postSolution
		SolutionGuid = {40822E4C-F0F0-4970-B4D8-54F6A0208D84}
	EndGlobalSection
EndGlobal
